
Microsoft Visual Studio Solution File, Format Version 12.00
# Visual Studio Version 16
VisualStudioVersion = 16.0.32126.315
MinimumVisualStudioVersion = 10.0.40219.1
Project("{FAE04EC0-301F-11D3-BF4B-00C04F79EFBC}") = "WinForm_NoteTaker_V1", "WinForm_NoteTaker_V1\WinForm_NoteTaker_V1.csproj", "{FE89306F-AD49-4622-A437-1EA1697EECBB}"
EndProject
Global
	GlobalSection(SolutionConfigurationPlatforms) = preSolution
		Debug|Any CPU = Debug|Any CPU
		Release|Any CPU = Release|Any CPU
	EndGlobalSection
	GlobalSection(ProjectConfigurationPlatforms) = postSolution
		{FE89306F-AD49-4622-A437-1EA1697EECBB}.Debug|Any CPU.ActiveCfg = Debug|Any CPU
		{FE89306F-AD49-4622-A437-1EA1697EECBB}.Debug|Any CPU.Build.0 = Debug|Any CPU
		{FE89306F-AD49-4622-A437-1EA1697EECBB}.Release|Any CPU.ActiveCfg = Release|Any CPU
		{FE89306F-AD49-4622-A437-1EA1697EECBB}.Release|Any CPU.Build.0 = Release|Any CPU
	EndGlobalSection
	GlobalSection(SolutionProperties) = preSolution
		HideSolutionNode = FALSE
	EndGlobalSection
	GlobalSection(ExtensibilityGlobals) = postSolution
		SolutionGuid = {7C3F7616-9709-4783-B654-ADC90720C514}
	EndGlobalSection
EndGlobal
